
Microsoft Visual Studio Solution File, Format Version 12.00
# Visual Studio Version 17
VisualStudioVersion = 17.5.33414.496
MinimumVisualStudioVersion = 10.0.40219.1
Project("{FAE04EC0-301F-11D3-BF4B-00C04F79EFBC}") = "AlineTech.Linstagram.Api", "AlineTech.Linstagram.Api\AlineTech.Linstagram.Api.csproj", "{BA5102D3-CF87-4CD0-BF35-9FA5135214C2}"
EndProject
Global
	GlobalSection(SolutionConfigurationPlatforms) = preSolution
		Debug|Any CPU = Debug|Any CPU
		Release|Any CPU = Release|Any CPU
	EndGlobalSection
	GlobalSection(ProjectConfigurationPlatforms) = postSolution
		{BA5102D3-CF87-4CD0-BF35-9FA5135214C2}.Debug|Any CPU.ActiveCfg = Debug|Any CPU
		{BA5102D3-CF87-4CD0-BF35-9FA5135214C2}.Debug|Any CPU.Build.0 = Debug|Any CPU
		{BA5102D3-CF87-4CD0-BF35-9FA5135214C2}.Release|Any CPU.ActiveCfg = Release|Any CPU
		{BA5102D3-CF87-4CD0-BF35-9FA5135214C2}.Release|Any CPU.Build.0 = Release|Any CPU
	EndGlobalSection
	GlobalSection(SolutionProperties) = preSolution
		HideSolutionNode = FALSE
	EndGlobalSection
	GlobalSection(ExtensibilityGlobals) = postSolution
		SolutionGuid = {177C1B93-9AA7-4D97-8875-2D1FB8C9C336}
	EndGlobalSection
EndGlobal
